
Microsoft Visual Studio Solution File, Format Version 10.00
# Visual Studio 2008
Project("{FAE04EC0-301F-11D3-BF4B-00C04F79EFBC}") = "CirculationSCC", "CirculationSCC.csproj", "{1163F022-8067-4B60-ACC3-C37FD5EA86DA}"
EndProject
Project("{2150E333-8FDC-42A3-9474-1A3956D46DE8}") = "Solution Items", "Solution Items", "{652AF2AC-937D-4A89-9F55-C04DEEEC8555}"
	ProjectSection(SolutionItems) = preProject
		CirculationACC.vsmdi = CirculationACC.vsmdi
		LocalTestRun.testrunconfig = LocalTestRun.testrunconfig
	EndProjectSection
EndProject
Global
	GlobalSection(SolutionConfigurationPlatforms) = preSolution
		Debug|Any CPU = Debug|Any CPU
		Release|Any CPU = Release|Any CPU
	EndGlobalSection
	GlobalSection(ProjectConfigurationPlatforms) = postSolution
		{1163F022-8067-4B60-ACC3-C37FD5EA86DA}.Debug|Any CPU.ActiveCfg = Debug|Any CPU
		{1163F022-8067-4B60-ACC3-C37FD5EA86DA}.Debug|Any CPU.Build.0 = Debug|Any CPU
		{1163F022-8067-4B60-ACC3-C37FD5EA86DA}.Release|Any CPU.ActiveCfg = Release|Any CPU
		{1163F022-8067-4B60-ACC3-C37FD5EA86DA}.Release|Any CPU.Build.0 = Release|Any CPU
	EndGlobalSection
	GlobalSection(SolutionProperties) = preSolution
		HideSolutionNode = FALSE
	EndGlobalSection
EndGlobal
